
Microsoft Visual Studio Solution File, Format Version 12.00
# Visual Studio Version 17
VisualStudioVersion = 17.13.35913.81 d17.13
MinimumVisualStudioVersion = 10.0.40219.1
Project("{FAE04EC0-301F-11D3-BF4B-00C04F79EFBC}") = "CarRaceSimulator", "CarRaceSimulator\CarRaceSimulator.csproj", "{90739D4A-FDBD-443F-93D9-E83CF7AD9424}"
EndProject
Global
	GlobalSection(SolutionConfigurationPlatforms) = preSolution
		Debug|Any CPU = Debug|Any CPU
		Release|Any CPU = Release|Any CPU
	EndGlobalSection
	GlobalSection(ProjectConfigurationPlatforms) = postSolution
		{90739D4A-FDBD-443F-93D9-E83CF7AD9424}.Debug|Any CPU.ActiveCfg = Debug|Any CPU
		{90739D4A-FDBD-443F-93D9-E83CF7AD9424}.Debug|Any CPU.Build.0 = Debug|Any CPU
		{90739D4A-FDBD-443F-93D9-E83CF7AD9424}.Release|Any CPU.ActiveCfg = Release|Any CPU
		{90739D4A-FDBD-443F-93D9-E83CF7AD9424}.Release|Any CPU.Build.0 = Release|Any CPU
	EndGlobalSection
	GlobalSection(SolutionProperties) = preSolution
		HideSolutionNode = FALSE
	EndGlobalSection
	GlobalSection(ExtensibilityGlobals) = postSolution
		SolutionGuid = {51CB36D2-4236-4861-A688-C5A77114090D}
	EndGlobalSection
EndGlobal
